// !$*UTF8*$!
{
	archiveVersion = 1;
	classes = {
	};
	objectVersion = 50;
	objects = {

/* Begin PBXBuildFile section */
		A2CE468A2360AB890038807F /* AppDelegate.swift in Sources */ = {isa = PBXBuildFile; fileRef = A2CE46892360AB890038807F /* AppDelegate.swift */; };
		A2CE468C2360AB890038807F /* ViewController.swift in Sources */ = {isa = PBXBuildFile; fileRef = A2CE468B2360AB890038807F /* ViewController.swift */; };
		A2CE468F2360AB890038807F /* Main.storyboard in Resources */ = {isa = PBXBuildFile; fileRef = A2CE468D2360AB890038807F /* Main.storyboard */; };
		A2CE46912360AB8D0038807F /* Assets.xcassets in Resources */ = {isa = PBXBuildFile; fileRef = A2CE46902360AB8D0038807F /* Assets.xcassets */; };
		A2CE46942360AB8D0038807F /* LaunchScreen.storyboard in Resources */ = {isa = PBXBuildFile; fileRef = A2CE46922360AB8D0038807F /* LaunchScreen.storyboard */; };
		A2CE469C2360D2130038807F /* MadLibs.swift in Sources */ = {isa = PBXBuildFile; fileRef = A2CE469B2360D2130038807F /* MadLibs.swift */; };
		A2CE46BC2368BA2B0038807F /* SecondViewController.swift in Sources */ = {isa = PBXBuildFile; fileRef = A2CE46BB2368BA2B0038807F /* SecondViewController.swift */; };
/* End PBXBuildFile section */

/* Begin PBXFileReference section */
		A2CE46862360AB890038807F /* Madlibs.app */ = {isa = PBXFileReference; explicitFileType = wrapper.application; includeInIndex = 0; path = Madlibs.app; sourceTree = BUILT_PRODUCTS_DIR; };
		A2CE46892360AB890038807F /* AppDelegate.swift */ = {isa = PBXFileReference; lastKnownFileType = sourcecode.swift; path = AppDelegate.swift; sourceTree = "<group>"; };
		A2CE468B2360AB890038807F /* ViewController.swift */ = {isa = PBXFileReference; lastKnownFileType = sourcecode.swift; path = ViewController.swift; sourceTree = "<group>"; };
		A2CE468E2360AB890038807F /* Base */ = {isa = PBXFileReference; lastKnownFileType = file.storyboard; name = Base; path = Base.lproj/Main.storyboard; sourceTree = "<group>"; };
		A2CE46902360AB8D0038807F /* Assets.xcassets */ = {isa = PBXFileReference; lastKnownFileType = folder.assetcatalog; path = Assets.xcassets; sourceTree = "<group>"; };
		A2CE46932360AB8D0038807F /* Base */ = {isa = PBXFileReference; lastKnownFileType = file.storyboard; name = Base; path = Base.lproj/LaunchScreen.storyboard; sourceTree = "<group>"; };
		A2CE46952360AB8D0038807F /* Info.plist */ = {isa = PBXFileReference; lastKnownFileType = text.plist.xml; path = Info.plist; sourceTree = "<group>"; };
		A2CE469B2360D2130038807F /* MadLibs.swift */ = {isa = PBXFileReference; lastKnownFileType = sourcecode.swift; path = MadLibs.swift; sourceTree = "<group>"; };
		A2CE46BB2368BA2B0038807F /* SecondViewController.swift */ = {isa = PBXFileReference; lastKnownFileType = sourcecode.swift; path = SecondViewController.swift; sourceTree = "<group>"; };
/* End PBXFileReference section */

/* Begin PBXFrameworksBuildPhase section */
		A2CE46832360AB890038807F /* Frameworks */ = {
			isa = PBXFrameworksBuildPhase;
			buildActionMask = 2147483647;
			files = (
			);
			runOnlyForDeploymentPostprocessing = 0;
		};
/* End PBXFrameworksBuildPhase section */

/* Begin PBXGroup section */
		A2CE467D2360AB890038807F = {
			isa = PBXGroup;
			children = (
				A2CE46882360AB890038807F /* Madlibs */,
				A2CE46872360AB890038807F /* Products */,
			);
			sourceTree = "<group>";
		};
		A2CE46872360AB890038807F /* Products */ = {
			isa = PBXGroup;
			children = (
				A2CE46862360AB890038807F /* Madlibs.app */,
			);
			name = Products;
			sourceTree = "<group>";
		};
		A2CE46882360AB890038807F /* Madlibs */ = {
			isa = PBXGroup;
			children = (
				A2CE46892360AB890038807F /* AppDelegate.swift */,
				A2CE469B2360D2130038807F /* MadLibs.swift */,
				A2CE468B2360AB890038807F /* ViewController.swift */,
				A2CE46BB2368BA2B0038807F /* SecondViewController.swift */,
				A2CE468D2360AB890038807F /* Main.storyboard */,
				A2CE46902360AB8D0038807F /* Assets.xcassets */,
				A2CE46922360AB8D0038807F /* LaunchScreen.storyboard */,
				A2CE46952360AB8D0038807F /* Info.plist */,
			);
			path = Madlibs;
			sourceTree = "<group>";
		};
/* End PBXGroup section */

/* Begin PBXNativeTarget section */
		A2CE46852360AB890038807F /* Madlibs */ = {
			isa = PBXNativeTarget;
			buildConfigurationList = A2CE46982360AB8D0038807F /* Build configuration list for PBXNativeTarget "Madlibs" */;
			buildPhases = (
				A2CE46822360AB890038807F /* Sources */,
				A2CE46832360AB890038807F /* Frameworks */,
				A2CE46842360AB890038807F /* Resources */,
			);
			buildRules = (
			);
			dependencies = (
			);
			name = Madlibs;
			productName = Madlibs;
			productReference = A2CE46862360AB890038807F /* Madlibs.app */;
			productType = "com.apple.product-type.application";
		};
/* End PBXNativeTarget section */

/* Begin PBXProject section */
		A2CE467E2360AB890038807F /* Project object */ = {
			isa = PBXProject;
			attributes = {
				LastSwiftUpdateCheck = 1030;
				LastUpgradeCheck = 1030;
				ORGANIZATIONNAME = "Mariam Fuzail";
				TargetAttributes = {
					A2CE46852360AB890038807F = {
						CreatedOnToolsVersion = 10.3;
					};
				};
			};
			buildConfigurationList = A2CE46812360AB890038807F /* Build configuration list for PBXProject "Madlibs" */;
			compatibilityVersion = "Xcode 9.3";
			developmentRegion = en;
			hasScannedForEncodings = 0;
			knownRegions = (
				en,
				Base,
			);
			mainGroup = A2CE467D2360AB890038807F;
			productRefGroup = A2CE46872360AB890038807F /* Products */;
			projectDirPath = "";
			projectRoot = "";
			targets = (
				A2CE46852360AB890038807F /* Madlibs */,
			);
		};
/* End PBXProject section */

/* Begin PBXResourcesBuildPhase section */
		A2CE46842360AB890038807F /* Resources */ = {
			isa = PBXResourcesBuildPhase;
			buildActionMask = 2147483647;
			files = (
				A2CE46942360AB8D0038807F /* LaunchScreen.storyboard in Resources */,
				A2CE46912360AB8D0038807F /* Assets.xcassets in Resources */,
				A2CE468F2360AB890038807F /* Main.storyboard in Resources */,
			);
			runOnlyForDeploymentPostprocessing = 0;
		};
/* End PBXResourcesBuildPhase section */

/* Begin PBXSourcesBuildPhase section */
		A2CE46822360AB890038807F /* Sources */ = {
			isa = PBXSourcesBuildPhase;
			buildActionMask = 2147483647;
			files = (
				A2CE468C2360AB890038807F /* ViewController.swift in Sources */,
				A2CE46BC2368BA2B0038807F /* SecondViewController.swift in Sources */,
				A2CE469C2360D2130038807F /* MadLibs.swift in Sources */,
				A2CE468A2360AB890038807F /* AppDelegate.swift in Sources */,
			);
			runOnlyForDeploymentPostprocessing = 0;
		};
/* End PBXSourcesBuildPhase section */

/* Begin PBXVariantGroup section */
		A2CE468D2360AB890038807F /* Main.storyboard */ = {
			isa = PBXVariantGroup;
			children = (
				A2CE468E2360AB890038807F /* Base */,
			);
			name = Main.storyboard;
			sourceTree = "<group>";
		};
		A2CE46922360AB8D0038807F /* LaunchScreen.storyboard */ = {
			isa = PBXVariantGroup;
			children = (
				A2CE46932360AB8D0038807F /* Base */,
			);
			name = LaunchScreen.storyboard;
			sourceTree = "<group>";
		};
/* End PBXVariantGroup section */

/* Begin XCBuildConfiguration section */
		A2CE46962360AB8D0038807F /* Debug */ = {
			isa = XCBuildConfiguration;
			buildSettings = {
				ALWAYS_SEARCH_USER_PATHS = NO;
				CLANG_ANALYZER_NONNULL = YES;
				CLANG_ANALYZER_NUMBER_OBJECT_CONVERSION = YES_AGGRESSIVE;
				CLANG_CXX_LANGUAGE_STANDARD = "gnu++14";
				CLANG_CXX_LIBRARY = "libc++";
				CLANG_ENABLE_MODULES = YES;
				CLANG_ENABLE_OBJC_ARC = YES;
				CLANG_ENABLE_OBJC_WEAK = YES;
				CLANG_WARN_BLOCK_CAPTURE_AUTORELEASING = YES;
				CLANG_WARN_BOOL_CONVERSION = YES;
				CLANG_WARN_COMMA = YES;
				CLANG_WARN_CONSTANT_CONVERSION = YES;
				CLANG_WARN_DEPRECATED_OBJC_IMPLEMENTATIONS = YES;
				CLANG_WARN_DIRECT_OBJC_ISA_USAGE = YES_ERROR;
				CLANG_WARN_DOCUMENTATION_COMMENTS = YES;
				CLANG_WARN_EMPTY_BODY = YES;
				CLANG_WARN_ENUM_CONVERSION = YES;
				CLANG_WARN_INFINITE_RECURSION = YES;
				CLANG_WARN_INT_CONVERSION = YES;
				CLANG_WARN_NON_LITERAL_NULL_CONVERSION = YES;
				CLANG_WARN_OBJC_IMPLICIT_RETAIN_SELF = YES;
				CLANG_WARN_OBJC_LITERAL_CONVERSION = YES;
				CLANG_WARN_OBJC_ROOT_CLASS = YES_ERROR;
				CLANG_WARN_RANGE_LOOP_ANALYSIS = YES;
				CLANG_WARN_STRICT_PROTOTYPES = YES;
				CLANG_WARN_SUSPICIOUS_MOVE = YES;
				CLANG_WARN_UNGUARDED_AVAILABILITY = YES_AGGRESSIVE;
				CLANG_WARN_UNREACHABLE_CODE = YES;
				CLANG_WARN__DUPLICATE_METHOD_MATCH = YES;
				CODE_SIGN_IDENTITY = "iPhone Developer";
				COPY_PHASE_STRIP = NO;
				DEBUG_INFORMATION_FORMAT = dwarf;
				ENABLE_STRICT_OBJC_MSGSEND = YES;
				ENABLE_TESTABILITY = YES;
				GCC_C_LANGUAGE_STANDARD = gnu11;
				GCC_DYNAMIC_NO_PIC = NO;
				GCC_NO_COMMON_BLOCKS = YES;
				GCC_OPTIMIZATION_LEVEL = 0;
				GCC_PREPROCESSOR_DEFINITIONS = (
					"DEBUG=1",
					"$(inherited)",
				);
				GCC_WARN_64_TO_32_BIT_CONVERSION = YES;
				GCC_WARN_ABOUT_RETURN_TYPE = YES_ERROR;
				GCC_WARN_UNDECLARED_SELECTOR = YES;
				GCC_WARN_UNINITIALIZED_AUTOS = YES_AGGRESSIVE;
				GCC_WARN_UNUSED_FUNCTION = YES;
				GCC_WARN_UNUSED_VARIABLE = YES;
				IPHONEOS_DEPLOYMENT_TARGET = 12.4;
				MTL_ENABLE_DEBUG_INFO = INCLUDE_SOURCE;
				MTL_FAST_MATH = YES;
				ONLY_ACTIVE_ARCH = YES;
				SDKROOT = iphoneos;
				SWIFT_ACTIVE_COMPILATION_CONDITIONS = DEBUG;
				SWIFT_OPTIMIZATION_LEVEL = "-Onone";
			};
			name = Debug;
		};
		A2CE46972360AB8D0038807F /* Release */ = {
			isa = XCBuildConfiguration;
			buildSettings = {
				ALWAYS_SEARCH_USER_PATHS = NO;
				CLANG_ANALYZER_NONNULL = YES;
				CLANG_ANALYZER_NUMBER_OBJECT_CONVERSION = YES_AGGRESSIVE;
				CLANG_CXX_LANGUAGE_STANDARD = "gnu++14";
				CLANG_CXX_LIBRARY = "libc++";
				CLANG_ENABLE_MODULES = YES;
				CLANG_ENABLE_OBJC_ARC = YES;
				CLANG_ENABLE_OBJC_WEAK = YES;
				CLANG_WARN_BLOCK_CAPTURE_AUTORELEASING = YES;
				CLANG_WARN_BOOL_CONVERSION = YES;
				CLANG_WARN_COMMA = YES;
				CLANG_WARN_CONSTANT_CONVERSION = YES;
				CLANG_WARN_DEPRECATED_OBJC_IMPLEMENTATIONS = YES;
				CLANG_WARN_DIRECT_OBJC_ISA_USAGE = YES_ERROR;
				CLANG_WARN_DOCUMENTATION_COMMENTS = YES;
				CLANG_WARN_EMPTY_BODY = YES;
				CLANG_WARN_ENUM_CONVERSION = YES;
				CLANG_WARN_INFINITE_RECURSION = YES;
				CLANG_WARN_INT_CONVERSION = YES;
				CLANG_WARN_NON_LITERAL_NULL_CONVERSION = YES;
				CLANG_WARN_OBJC_IMPLICIT_RETAIN_SELF = YES;
				CLANG_WARN_OBJC_LITERAL_CONVERSION = YES;
				CLANG_WARN_OBJC_ROOT_CLASS = YES_ERROR;
				CLANG_WARN_RANGE_LOOP_ANALYSIS = YES;
				CLANG_WARN_STRICT_PROTOTYPES = YES;
				CLANG_WARN_SUSPICIOUS_MOVE = YES;
				CLANG_WARN_UNGUARDED_AVAILABILITY = YES_AGGRESSIVE;
				CLANG_WARN_UNREACHABLE_CODE = YES;
				CLANG_WARN__DUPLICATE_METHOD_MATCH = YES;
				CODE_SIGN_IDENTITY = "iPhone Developer";
				COPY_PHASE_STRIP = NO;
				DEBUG_INFORMATION_FORMAT = "dwarf-with-dsym";
				ENABLE_NS_ASSERTIONS = NO;
				ENABLE_STRICT_OBJC_MSGSEND = YES;
				GCC_C_LANGUAGE_STANDARD = gnu11;
				GCC_NO_COMMON_BLOCKS = YES;
				GCC_WARN_64_TO_32_BIT_CONVERSION = YES;
				GCC_WARN_ABOUT_RETURN_TYPE = YES_ERROR;
				GCC_WARN_UNDECLARED_SELECTOR = YES;
				GCC_WARN_UNINITIALIZED_AUTOS = YES_AGGRESSIVE;
				GCC_WARN_UNUSED_FUNCTION = YES;
				GCC_WARN_UNUSED_VARIABLE = YES;
				IPHONEOS_DEPLOYMENT_TARGET = 12.4;
				MTL_ENABLE_DEBUG_INFO = NO;
				MTL_FAST_MATH = YES;
				SDKROOT = iphoneos;
				SWIFT_COMPILATION_MODE = wholemodule;
				SWIFT_OPTIMIZATION_LEVEL = "-O";
				VALIDATE_PRODUCT = YES;
			};
			name = Release;
		};
		A2CE46992360AB8D0038807F /* Debug */ = {
			isa = XCBuildConfiguration;
			buildSettings = {
				ASSETCATALOG_COMPILER_APPICON_NAME = AppIcon;
				CODE_SIGN_STYLE = Automatic;
				DEVELOPMENT_TEAM = 4RPHDA3LR3;
				INFOPLIST_FILE = Madlibs/Info.plist;
				LD_RUNPATH_SEARCH_PATHS = (
					"$(inherited)",
					"@executable_path/Frameworks",
				);
				PRODUCT_BUNDLE_IDENTIFIER = Fuzail.Madlibs;
				PRODUCT_NAME = "$(TARGET_NAME)";
				SWIFT_VERSION = 5.0;
				TARGETED_DEVICE_FAMILY = "1,2";
			};
			name = Debug;
		};
		A2CE469A2360AB8D0038807F /* Release */ = {
			isa = XCBuildConfiguration;
			buildSettings = {
				ASSETCATALOG_COMPILER_APPICON_NAME = AppIcon;
				CODE_SIGN_STYLE = Automatic;
				DEVELOPMENT_TEAM = 4RPHDA3LR3;
				INFOPLIST_FILE = Madlibs/Info.plist;
				LD_RUNPATH_SEARCH_PATHS = (
					"$(inherited)",
					"@executable_path/Frameworks",
				);
				PRODUCT_BUNDLE_IDENTIFIER = Fuzail.Madlibs;
				PRODUCT_NAME = "$(TARGET_NAME)";
				SWIFT_VERSION = 5.0;
				TARGETED_DEVICE_FAMILY = "1,2";
			};
			name = Release;
		};
/* End XCBuildConfiguration section */

/* Begin XCConfigurationList section */
		A2CE46812360AB890038807F /* Build configuration list for PBXProject "Madlibs" */ = {
			isa = XCConfigurationList;
			buildConfigurations = (
				A2CE46962360AB8D0038807F /* Debug */,
				A2CE46972360AB8D0038807F /* Release */,
			);
			defaultConfigurationIsVisible = 0;
			defaultConfigurationName = Release;
		};
		A2CE46982360AB8D0038807F /* Build configuration list for PBXNativeTarget "Madlibs" */ = {
			isa = XCConfigurationList;
			buildConfigurations = (
				A2CE46992360AB8D0038807F /* Debug */,
				A2CE469A2360AB8D0038807F /* Release */,
			);
			defaultConfigurationIsVisible = 0;
			defaultConfigurationName = Release;
		};
/* End XCConfigurationList section */
	};
	rootObject = A2CE467E2360AB890038807F /* Project object */;
}
